
Microsoft Visual Studio Solution File, Format Version 12.00
# Visual Studio 15
VisualStudioVersion = 15.0.27703.2026
MinimumVisualStudioVersion = 10.0.40219.1
Project("{FAE04EC0-301F-11D3-BF4B-00C04F79EFBC}") = "Cloximmo.be", "Cloximmo.be\Cloximmo.be.csproj", "{0ACB53B1-3E98-49D1-AD67-24928A62BDEB}"
EndProject
Global
	GlobalSection(SolutionConfigurationPlatforms) = preSolution
		Debug|Any CPU = Debug|Any CPU
		Release|Any CPU = Release|Any CPU
	EndGlobalSection
	GlobalSection(ProjectConfigurationPlatforms) = postSolution
		{0ACB53B1-3E98-49D1-AD67-24928A62BDEB}.Debug|Any CPU.ActiveCfg = Debug|Any CPU
		{0ACB53B1-3E98-49D1-AD67-24928A62BDEB}.Debug|Any CPU.Build.0 = Debug|Any CPU
		{0ACB53B1-3E98-49D1-AD67-24928A62BDEB}.Release|Any CPU.ActiveCfg = Release|Any CPU
		{0ACB53B1-3E98-49D1-AD67-24928A62BDEB}.Release|Any CPU.Build.0 = Release|Any CPU
	EndGlobalSection
	GlobalSection(SolutionProperties) = preSolution
		HideSolutionNode = FALSE
	EndGlobalSection
	GlobalSection(ExtensibilityGlobals) = postSolution
		SolutionGuid = {BB13B382-5972-4E9A-8E98-5DE18B328E4C}
	EndGlobalSection
EndGlobal
